
Microsoft Visual Studio Solution File, Format Version 12.00
# Visual Studio Version 17
VisualStudioVersion = 17.7.34024.191
MinimumVisualStudioVersion = 10.0.40219.1
Project("{FAE04EC0-301F-11D3-BF4B-00C04F79EFBC}") = "YRAVNENIYA21.09_dopolnitel'no3", "YRAVNENIYA21.09_dopolnitel'no3.csproj", "{6BC3943D-2FD9-4326-AE0F-64FABDA712E3}"
EndProject
Global
	GlobalSection(SolutionConfigurationPlatforms) = preSolution
		Debug|Any CPU = Debug|Any CPU
		Release|Any CPU = Release|Any CPU
	EndGlobalSection
	GlobalSection(ProjectConfigurationPlatforms) = postSolution
		{6BC3943D-2FD9-4326-AE0F-64FABDA712E3}.Debug|Any CPU.ActiveCfg = Debug|Any CPU
		{6BC3943D-2FD9-4326-AE0F-64FABDA712E3}.Debug|Any CPU.Build.0 = Debug|Any CPU
		{6BC3943D-2FD9-4326-AE0F-64FABDA712E3}.Release|Any CPU.ActiveCfg = Release|Any CPU
		{6BC3943D-2FD9-4326-AE0F-64FABDA712E3}.Release|Any CPU.Build.0 = Release|Any CPU
	EndGlobalSection
	GlobalSection(SolutionProperties) = preSolution
		HideSolutionNode = FALSE
	EndGlobalSection
	GlobalSection(ExtensibilityGlobals) = postSolution
		SolutionGuid = {5E1AD0B3-E9C3-4268-854E-AA357E9F0F6A}
	EndGlobalSection
EndGlobal
